// !$*UTF8*$!
{
	archiveVersion = 1;
	classes = {
	};
	objectVersion = 51;
	objects = {

/* Begin PBXBuildFile section */
		12FC67E657A86B835D4FC01E /* Pods_RealTimeTests.framework in Frameworks */ = {isa = PBXBuildFile; fileRef = 534EE9383C44B6BEEDA7EC40 /* Pods_RealTimeTests.framework */; };
		920AE892BF6C2D8074C47076 /* Pods_RealTime.framework in Frameworks */ = {isa = PBXBuildFile; fileRef = C474C59CA49C46448AB0E482 /* Pods_RealTime.framework */; };
		DB47D4270D764A254324FF94 /* Pods_RealTime_RealTimeUITests.framework in Frameworks */ = {isa = PBXBuildFile; fileRef = EA480A0068E42F4D83CF62BD /* Pods_RealTime_RealTimeUITests.framework */; };
		F88C845023EEFF0000DE1882 /* AppDelegate.swift in Sources */ = {isa = PBXBuildFile; fileRef = F88C844F23EEFF0000DE1882 /* AppDelegate.swift */; };
		F88C845223EEFF0000DE1882 /* SceneDelegate.swift in Sources */ = {isa = PBXBuildFile; fileRef = F88C845123EEFF0000DE1882 /* SceneDelegate.swift */; };
		F88C845423EEFF0000DE1882 /* ViewController.swift in Sources */ = {isa = PBXBuildFile; fileRef = F88C845323EEFF0000DE1882 /* ViewController.swift */; };
		F88C845923EEFF0300DE1882 /* Assets.xcassets in Resources */ = {isa = PBXBuildFile; fileRef = F88C845823EEFF0300DE1882 /* Assets.xcassets */; };
		F88C846723EEFF0300DE1882 /* RealTimeTests.swift in Sources */ = {isa = PBXBuildFile; fileRef = F88C846623EEFF0300DE1882 /* RealTimeTests.swift */; };
		F88C847223EEFF0300DE1882 /* RealTimeUITests.swift in Sources */ = {isa = PBXBuildFile; fileRef = F88C847123EEFF0300DE1882 /* RealTimeUITests.swift */; };
		F88C848123EEFFAD00DE1882 /* Headline.swift in Sources */ = {isa = PBXBuildFile; fileRef = F88C848023EEFFAD00DE1882 /* Headline.swift */; };
		F88C848323EF003200DE1882 /* News.swift in Sources */ = {isa = PBXBuildFile; fileRef = F88C848223EF003200DE1882 /* News.swift */; };
		F88C848923EF0B4000DE1882 /* Service.swift in Sources */ = {isa = PBXBuildFile; fileRef = F88C848823EF0B4000DE1882 /* Service.swift */; };
		F88C848B23EF103D00DE1882 /* ServiceResult.swift in Sources */ = {isa = PBXBuildFile; fileRef = F88C848A23EF103D00DE1882 /* ServiceResult.swift */; };
		F88C849123EF25FF00DE1882 /* readme in Resources */ = {isa = PBXBuildFile; fileRef = F88C849023EF25FF00DE1882 /* readme */; };
/* End PBXBuildFile section */

/* Begin PBXBuildRule section */
		F88C848423EF035700DE1882 /* PBXBuildRule */ = {
			isa = PBXBuildRule;
			compilerSpec = com.apple.compilers.proxy.script;
			fileType = pattern.proxy;
			inputFiles = (
			);
			isEditable = 1;
			outputFiles = (
			);
			script = "
";
		};
/* End PBXBuildRule section */

/* Begin PBXContainerItemProxy section */
		F88C846323EEFF0300DE1882 /* PBXContainerItemProxy */ = {
			isa = PBXContainerItemProxy;
			containerPortal = F88C844423EEFF0000DE1882 /* Project object */;
			proxyType = 1;
			remoteGlobalIDString = F88C844B23EEFF0000DE1882;
			remoteInfo = RealTime;
		};
		F88C846E23EEFF0300DE1882 /* PBXContainerItemProxy */ = {
			isa = PBXContainerItemProxy;
			containerPortal = F88C844423EEFF0000DE1882 /* Project object */;
			proxyType = 1;
			remoteGlobalIDString = F88C844B23EEFF0000DE1882;
			remoteInfo = RealTime;
		};
/* End PBXContainerItemProxy section */

/* Begin PBXFileReference section */
		0B66FC6B0007207B1C4DB8C0 /* Pods-RealTime.debug.xcconfig */ = {isa = PBXFileReference; includeInIndex = 1; lastKnownFileType = text.xcconfig; name = "Pods-RealTime.debug.xcconfig"; path = "Target Support Files/Pods-RealTime/Pods-RealTime.debug.xcconfig"; sourceTree = "<group>"; };
		45F74C9011DEE09811E3005F /* Pods-RealTime-RealTimeUITests.release.xcconfig */ = {isa = PBXFileReference; includeInIndex = 1; lastKnownFileType = text.xcconfig; name = "Pods-RealTime-RealTimeUITests.release.xcconfig"; path = "Target Support Files/Pods-RealTime-RealTimeUITests/Pods-RealTime-RealTimeUITests.release.xcconfig"; sourceTree = "<group>"; };
		534EE9383C44B6BEEDA7EC40 /* Pods_RealTimeTests.framework */ = {isa = PBXFileReference; explicitFileType = wrapper.framework; includeInIndex = 0; path = Pods_RealTimeTests.framework; sourceTree = BUILT_PRODUCTS_DIR; };
		63C735C9A2378B56395C1C9C /* Pods-RealTime-RealTimeUITests.debug.xcconfig */ = {isa = PBXFileReference; includeInIndex = 1; lastKnownFileType = text.xcconfig; name = "Pods-RealTime-RealTimeUITests.debug.xcconfig"; path = "Target Support Files/Pods-RealTime-RealTimeUITests/Pods-RealTime-RealTimeUITests.debug.xcconfig"; sourceTree = "<group>"; };
		7D6ADA0DADAF2D309FE2AE23 /* Pods-RealTime.release.xcconfig */ = {isa = PBXFileReference; includeInIndex = 1; lastKnownFileType = text.xcconfig; name = "Pods-RealTime.release.xcconfig"; path = "Target Support Files/Pods-RealTime/Pods-RealTime.release.xcconfig"; sourceTree = "<group>"; };
		816D3343BDE642007687C691 /* Pods-RealTimeTests.debug.xcconfig */ = {isa = PBXFileReference; includeInIndex = 1; lastKnownFileType = text.xcconfig; name = "Pods-RealTimeTests.debug.xcconfig"; path = "Target Support Files/Pods-RealTimeTests/Pods-RealTimeTests.debug.xcconfig"; sourceTree = "<group>"; };
		C474C59CA49C46448AB0E482 /* Pods_RealTime.framework */ = {isa = PBXFileReference; explicitFileType = wrapper.framework; includeInIndex = 0; path = Pods_RealTime.framework; sourceTree = BUILT_PRODUCTS_DIR; };
		EA480A0068E42F4D83CF62BD /* Pods_RealTime_RealTimeUITests.framework */ = {isa = PBXFileReference; explicitFileType = wrapper.framework; includeInIndex = 0; path = Pods_RealTime_RealTimeUITests.framework; sourceTree = BUILT_PRODUCTS_DIR; };
		ECCDEF9E1C3FB5C31908F787 /* Pods-RealTimeTests.release.xcconfig */ = {isa = PBXFileReference; includeInIndex = 1; lastKnownFileType = text.xcconfig; name = "Pods-RealTimeTests.release.xcconfig"; path = "Target Support Files/Pods-RealTimeTests/Pods-RealTimeTests.release.xcconfig"; sourceTree = "<group>"; };
		F88C844C23EEFF0000DE1882 /* RealTime.app */ = {isa = PBXFileReference; explicitFileType = wrapper.application; includeInIndex = 0; path = RealTime.app; sourceTree = BUILT_PRODUCTS_DIR; };
		F88C844F23EEFF0000DE1882 /* AppDelegate.swift */ = {isa = PBXFileReference; lastKnownFileType = sourcecode.swift; path = AppDelegate.swift; sourceTree = "<group>"; };
		F88C845123EEFF0000DE1882 /* SceneDelegate.swift */ = {isa = PBXFileReference; lastKnownFileType = sourcecode.swift; path = SceneDelegate.swift; sourceTree = "<group>"; };
		F88C845323EEFF0000DE1882 /* ViewController.swift */ = {isa = PBXFileReference; lastKnownFileType = sourcecode.swift; path = ViewController.swift; sourceTree = "<group>"; };
		F88C845823EEFF0300DE1882 /* Assets.xcassets */ = {isa = PBXFileReference; lastKnownFileType = folder.assetcatalog; path = Assets.xcassets; sourceTree = "<group>"; };
		F88C845D23EEFF0300DE1882 /* Info.plist */ = {isa = PBXFileReference; lastKnownFileType = text.plist.xml; path = Info.plist; sourceTree = "<group>"; };
		F88C846223EEFF0300DE1882 /* RealTimeTests.xctest */ = {isa = PBXFileReference; explicitFileType = wrapper.cfbundle; includeInIndex = 0; path = RealTimeTests.xctest; sourceTree = BUILT_PRODUCTS_DIR; };
		F88C846623EEFF0300DE1882 /* RealTimeTests.swift */ = {isa = PBXFileReference; lastKnownFileType = sourcecode.swift; path = RealTimeTests.swift; sourceTree = "<group>"; };
		F88C846823EEFF0300DE1882 /* Info.plist */ = {isa = PBXFileReference; lastKnownFileType = text.plist.xml; path = Info.plist; sourceTree = "<group>"; };
		F88C846D23EEFF0300DE1882 /* RealTimeUITests.xctest */ = {isa = PBXFileReference; explicitFileType = wrapper.cfbundle; includeInIndex = 0; path = RealTimeUITests.xctest; sourceTree = BUILT_PRODUCTS_DIR; };
		F88C847123EEFF0300DE1882 /* RealTimeUITests.swift */ = {isa = PBXFileReference; lastKnownFileType = sourcecode.swift; path = RealTimeUITests.swift; sourceTree = "<group>"; };
		F88C847323EEFF0300DE1882 /* Info.plist */ = {isa = PBXFileReference; lastKnownFileType = text.plist.xml; path = Info.plist; sourceTree = "<group>"; };
		F88C848023EEFFAD00DE1882 /* Headline.swift */ = {isa = PBXFileReference; lastKnownFileType = sourcecode.swift; path = Headline.swift; sourceTree = "<group>"; };
		F88C848223EF003200DE1882 /* News.swift */ = {isa = PBXFileReference; lastKnownFileType = sourcecode.swift; path = News.swift; sourceTree = "<group>"; };
		F88C848823EF0B4000DE1882 /* Service.swift */ = {isa = PBXFileReference; lastKnownFileType = sourcecode.swift; path = Service.swift; sourceTree = "<group>"; };
		F88C848A23EF103D00DE1882 /* ServiceResult.swift */ = {isa = PBXFileReference; lastKnownFileType = sourcecode.swift; path = ServiceResult.swift; sourceTree = "<group>"; };
		F88C849023EF25FF00DE1882 /* readme */ = {isa = PBXFileReference; lastKnownFileType = text; path = readme; sourceTree = "<group>"; };
/* End PBXFileReference section */

/* Begin PBXFrameworksBuildPhase section */
		F88C844923EEFF0000DE1882 /* Frameworks */ = {
			isa = PBXFrameworksBuildPhase;
			buildActionMask = 2147483647;
			files = (
				920AE892BF6C2D8074C47076 /* Pods_RealTime.framework in Frameworks */,
			);
			runOnlyForDeploymentPostprocessing = 0;
		};
		F88C845F23EEFF0300DE1882 /* Frameworks */ = {
			isa = PBXFrameworksBuildPhase;
			buildActionMask = 2147483647;
			files = (
				12FC67E657A86B835D4FC01E /* Pods_RealTimeTests.framework in Frameworks */,
			);
			runOnlyForDeploymentPostprocessing = 0;
		};
		F88C846A23EEFF0300DE1882 /* Frameworks */ = {
			isa = PBXFrameworksBuildPhase;
			buildActionMask = 2147483647;
			files = (
				DB47D4270D764A254324FF94 /* Pods_RealTime_RealTimeUITests.framework in Frameworks */,
			);
			runOnlyForDeploymentPostprocessing = 0;
		};
/* End PBXFrameworksBuildPhase section */

/* Begin PBXGroup section */
		6B042397EBAA64D363C2912D /* Pods */ = {
			isa = PBXGroup;
			children = (
				0B66FC6B0007207B1C4DB8C0 /* Pods-RealTime.debug.xcconfig */,
				7D6ADA0DADAF2D309FE2AE23 /* Pods-RealTime.release.xcconfig */,
				63C735C9A2378B56395C1C9C /* Pods-RealTime-RealTimeUITests.debug.xcconfig */,
				45F74C9011DEE09811E3005F /* Pods-RealTime-RealTimeUITests.release.xcconfig */,
				816D3343BDE642007687C691 /* Pods-RealTimeTests.debug.xcconfig */,
				ECCDEF9E1C3FB5C31908F787 /* Pods-RealTimeTests.release.xcconfig */,
			);
			path = Pods;
			sourceTree = "<group>";
		};
		EB19448C1EF49FA866275DB1 /* Frameworks */ = {
			isa = PBXGroup;
			children = (
				C474C59CA49C46448AB0E482 /* Pods_RealTime.framework */,
				EA480A0068E42F4D83CF62BD /* Pods_RealTime_RealTimeUITests.framework */,
				534EE9383C44B6BEEDA7EC40 /* Pods_RealTimeTests.framework */,
			);
			name = Frameworks;
			sourceTree = "<group>";
		};
		F88C844323EEFF0000DE1882 = {
			isa = PBXGroup;
			children = (
				F88C844E23EEFF0000DE1882 /* RealTime */,
				F88C846523EEFF0300DE1882 /* RealTimeTests */,
				F88C847023EEFF0300DE1882 /* RealTimeUITests */,
				F88C844D23EEFF0000DE1882 /* Products */,
				6B042397EBAA64D363C2912D /* Pods */,
				EB19448C1EF49FA866275DB1 /* Frameworks */,
			);
			sourceTree = "<group>";
		};
		F88C844D23EEFF0000DE1882 /* Products */ = {
			isa = PBXGroup;
			children = (
				F88C844C23EEFF0000DE1882 /* RealTime.app */,
				F88C846223EEFF0300DE1882 /* RealTimeTests.xctest */,
				F88C846D23EEFF0300DE1882 /* RealTimeUITests.xctest */,
			);
			name = Products;
			sourceTree = "<group>";
		};
		F88C844E23EEFF0000DE1882 /* RealTime */ = {
			isa = PBXGroup;
			children = (
				F88C848723EF0B2C00DE1882 /* Service */,
				F88C847F23EEFF4000DE1882 /* Model */,
				F88C848623EF0B1C00DE1882 /* View */,
				F88C848F23EF25C300DE1882 /* Controller */,
				F88C844F23EEFF0000DE1882 /* AppDelegate.swift */,
				F88C845123EEFF0000DE1882 /* SceneDelegate.swift */,
				F88C845823EEFF0300DE1882 /* Assets.xcassets */,
				F88C845D23EEFF0300DE1882 /* Info.plist */,
				F88C849023EF25FF00DE1882 /* readme */,
			);
			path = RealTime;
			sourceTree = "<group>";
		};
		F88C846523EEFF0300DE1882 /* RealTimeTests */ = {
			isa = PBXGroup;
			children = (
				F88C846623EEFF0300DE1882 /* RealTimeTests.swift */,
				F88C846823EEFF0300DE1882 /* Info.plist */,
			);
			path = RealTimeTests;
			sourceTree = "<group>";
		};
		F88C847023EEFF0300DE1882 /* RealTimeUITests */ = {
			isa = PBXGroup;
			children = (
				F88C847123EEFF0300DE1882 /* RealTimeUITests.swift */,
				F88C847323EEFF0300DE1882 /* Info.plist */,
			);
			path = RealTimeUITests;
			sourceTree = "<group>";
		};
		F88C847F23EEFF4000DE1882 /* Model */ = {
			isa = PBXGroup;
			children = (
				F88C848023EEFFAD00DE1882 /* Headline.swift */,
				F88C848A23EF103D00DE1882 /* ServiceResult.swift */,
				F88C848223EF003200DE1882 /* News.swift */,
			);
			path = Model;
			sourceTree = "<group>";
		};
		F88C848623EF0B1C00DE1882 /* View */ = {
			isa = PBXGroup;
			children = (
			);
			path = View;
			sourceTree = "<group>";
		};
		F88C848723EF0B2C00DE1882 /* Service */ = {
			isa = PBXGroup;
			children = (
				F88C848823EF0B4000DE1882 /* Service.swift */,
			);
			path = Service;
			sourceTree = "<group>";
		};
		F88C848F23EF25C300DE1882 /* Controller */ = {
			isa = PBXGroup;
			children = (
				F88C845323EEFF0000DE1882 /* ViewController.swift */,
			);
			path = Controller;
			sourceTree = "<group>";
		};
/* End PBXGroup section */

/* Begin PBXNativeTarget section */
		F88C844B23EEFF0000DE1882 /* RealTime */ = {
			isa = PBXNativeTarget;
			buildConfigurationList = F88C847623EEFF0300DE1882 /* Build configuration list for PBXNativeTarget "RealTime" */;
			buildPhases = (
				42F9A301BFD26604895384C7 /* [CP] Check Pods Manifest.lock */,
				F88C844823EEFF0000DE1882 /* Sources */,
				F88C844923EEFF0000DE1882 /* Frameworks */,
				F88C844A23EEFF0000DE1882 /* Resources */,
				FCEE8E5F80481887D6E13B30 /* [CP] Embed Pods Frameworks */,
				F88C848523EF041700DE1882 /* ShellScript */,
			);
			buildRules = (
				F88C848423EF035700DE1882 /* PBXBuildRule */,
			);
			dependencies = (
			);
			name = RealTime;
			productName = RealTime;
			productReference = F88C844C23EEFF0000DE1882 /* RealTime.app */;
			productType = "com.apple.product-type.application";
		};
		F88C846123EEFF0300DE1882 /* RealTimeTests */ = {
			isa = PBXNativeTarget;
			buildConfigurationList = F88C847923EEFF0300DE1882 /* Build configuration list for PBXNativeTarget "RealTimeTests" */;
			buildPhases = (
				49A839705A35AFF6BDFE7BD2 /* [CP] Check Pods Manifest.lock */,
				F88C845E23EEFF0300DE1882 /* Sources */,
				F88C845F23EEFF0300DE1882 /* Frameworks */,
				F88C846023EEFF0300DE1882 /* Resources */,
			);
			buildRules = (
			);
			dependencies = (
				F88C846423EEFF0300DE1882 /* PBXTargetDependency */,
			);
			name = RealTimeTests;
			productName = RealTimeTests;
			productReference = F88C846223EEFF0300DE1882 /* RealTimeTests.xctest */;
			productType = "com.apple.product-type.bundle.unit-test";
		};
		F88C846C23EEFF0300DE1882 /* RealTimeUITests */ = {
			isa = PBXNativeTarget;
			buildConfigurationList = F88C847C23EEFF0300DE1882 /* Build configuration list for PBXNativeTarget "RealTimeUITests" */;
			buildPhases = (
				FBBA8D838BB581E10EAFA7B2 /* [CP] Check Pods Manifest.lock */,
				F88C846923EEFF0300DE1882 /* Sources */,
				F88C846A23EEFF0300DE1882 /* Frameworks */,
				F88C846B23EEFF0300DE1882 /* Resources */,
				BBBC9DF4E8317205AB11EC7D /* [CP] Embed Pods Frameworks */,
			);
			buildRules = (
			);
			dependencies = (
				F88C846F23EEFF0300DE1882 /* PBXTargetDependency */,
			);
			name = RealTimeUITests;
			productName = RealTimeUITests;
			productReference = F88C846D23EEFF0300DE1882 /* RealTimeUITests.xctest */;
			productType = "com.apple.product-type.bundle.ui-testing";
		};
/* End PBXNativeTarget section */

/* Begin PBXProject section */
		F88C844423EEFF0000DE1882 /* Project object */ = {
			isa = PBXProject;
			attributes = {
				LastSwiftUpdateCheck = 1130;
				LastUpgradeCheck = 1130;
				ORGANIZATIONNAME = "Spiro Mifsud";
				TargetAttributes = {
					F88C844B23EEFF0000DE1882 = {
						CreatedOnToolsVersion = 11.3.1;
					};
					F88C846123EEFF0300DE1882 = {
						CreatedOnToolsVersion = 11.3.1;
						TestTargetID = F88C844B23EEFF0000DE1882;
					};
					F88C846C23EEFF0300DE1882 = {
						CreatedOnToolsVersion = 11.3.1;
						TestTargetID = F88C844B23EEFF0000DE1882;
					};
				};
			};
			buildConfigurationList = F88C844723EEFF0000DE1882 /* Build configuration list for PBXProject "RealTime" */;
			compatibilityVersion = "Xcode 9.3";
			developmentRegion = en;
			hasScannedForEncodings = 0;
			knownRegions = (
				en,
				Base,
			);
			mainGroup = F88C844323EEFF0000DE1882;
			productRefGroup = F88C844D23EEFF0000DE1882 /* Products */;
			projectDirPath = "";
			projectRoot = "";
			targets = (
				F88C844B23EEFF0000DE1882 /* RealTime */,
				F88C846123EEFF0300DE1882 /* RealTimeTests */,
				F88C846C23EEFF0300DE1882 /* RealTimeUITests */,
			);
		};
/* End PBXProject section */

/* Begin PBXResourcesBuildPhase section */
		F88C844A23EEFF0000DE1882 /* Resources */ = {
			isa = PBXResourcesBuildPhase;
			buildActionMask = 2147483647;
			files = (
				F88C849123EF25FF00DE1882 /* readme in Resources */,
				F88C845923EEFF0300DE1882 /* Assets.xcassets in Resources */,
			);
			runOnlyForDeploymentPostprocessing = 0;
		};
		F88C846023EEFF0300DE1882 /* Resources */ = {
			isa = PBXResourcesBuildPhase;
			buildActionMask = 2147483647;
			files = (
			);
			runOnlyForDeploymentPostprocessing = 0;
		};
		F88C846B23EEFF0300DE1882 /* Resources */ = {
			isa = PBXResourcesBuildPhase;
			buildActionMask = 2147483647;
			files = (
			);
			runOnlyForDeploymentPostprocessing = 0;
		};
/* End PBXResourcesBuildPhase section */

/* Begin PBXShellScriptBuildPhase section */
		42F9A301BFD26604895384C7 /* [CP] Check Pods Manifest.lock */ = {
			isa = PBXShellScriptBuildPhase;
			buildActionMask = 2147483647;
			files = (
			);
			inputFileListPaths = (
			);
			inputPaths = (
				"${PODS_PODFILE_DIR_PATH}/Podfile.lock",
				"${PODS_ROOT}/Manifest.lock",
			);
			name = "[CP] Check Pods Manifest.lock";
			outputFileListPaths = (
			);
			outputPaths = (
				"$(DERIVED_FILE_DIR)/Pods-RealTime-checkManifestLockResult.txt",
			);
			runOnlyForDeploymentPostprocessing = 0;
			shellPath = /bin/sh;
			shellScript = "diff \"${PODS_PODFILE_DIR_PATH}/Podfile.lock\" \"${PODS_ROOT}/Manifest.lock\" > /dev/null\nif [ $? != 0 ] ; then\n    # print error to STDERR\n    echo \"error: The sandbox is not in sync with the Podfile.lock. Run 'pod install' or update your CocoaPods installation.\" >&2\n    exit 1\nfi\n# This output is used by Xcode 'outputs' to avoid re-running this script phase.\necho \"SUCCESS\" > \"${SCRIPT_OUTPUT_FILE_0}\"\n";
			showEnvVarsInLog = 0;
		};
		49A839705A35AFF6BDFE7BD2 /* [CP] Check Pods Manifest.lock */ = {
			isa = PBXShellScriptBuildPhase;
			buildActionMask = 2147483647;
			files = (
			);
			inputFileListPaths = (
			);
			inputPaths = (
				"${PODS_PODFILE_DIR_PATH}/Podfile.lock",
				"${PODS_ROOT}/Manifest.lock",
			);
			name = "[CP] Check Pods Manifest.lock";
			outputFileListPaths = (
			);
			outputPaths = (
				"$(DERIVED_FILE_DIR)/Pods-RealTimeTests-checkManifestLockResult.txt",
			);
			runOnlyForDeploymentPostprocessing = 0;
			shellPath = /bin/sh;
			shellScript = "diff \"${PODS_PODFILE_DIR_PATH}/Podfile.lock\" \"${PODS_ROOT}/Manifest.lock\" > /dev/null\nif [ $? != 0 ] ; then\n    # print error to STDERR\n    echo \"error: The sandbox is not in sync with the Podfile.lock. Run 'pod install' or update your CocoaPods installation.\" >&2\n    exit 1\nfi\n# This output is used by Xcode 'outputs' to avoid re-running this script phase.\necho \"SUCCESS\" > \"${SCRIPT_OUTPUT_FILE_0}\"\n";
			showEnvVarsInLog = 0;
		};
		BBBC9DF4E8317205AB11EC7D /* [CP] Embed Pods Frameworks */ = {
			isa = PBXShellScriptBuildPhase;
			buildActionMask = 2147483647;
			files = (
			);
			inputFileListPaths = (
				"${PODS_ROOT}/Target Support Files/Pods-RealTime-RealTimeUITests/Pods-RealTime-RealTimeUITests-frameworks-${CONFIGURATION}-input-files.xcfilelist",
			);
			name = "[CP] Embed Pods Frameworks";
			outputFileListPaths = (
				"${PODS_ROOT}/Target Support Files/Pods-RealTime-RealTimeUITests/Pods-RealTime-RealTimeUITests-frameworks-${CONFIGURATION}-output-files.xcfilelist",
			);
			runOnlyForDeploymentPostprocessing = 0;
			shellPath = /bin/sh;
			shellScript = "\"${PODS_ROOT}/Target Support Files/Pods-RealTime-RealTimeUITests/Pods-RealTime-RealTimeUITests-frameworks.sh\"\n";
			showEnvVarsInLog = 0;
		};
		F88C848523EF041700DE1882 /* ShellScript */ = {
			isa = PBXShellScriptBuildPhase;
			buildActionMask = 2147483647;
			files = (
			);
			inputFileListPaths = (
			);
			inputPaths = (
			);
			outputFileListPaths = (
			);
			outputPaths = (
			);
			runOnlyForDeploymentPostprocessing = 0;
			shellPath = /bin/sh;
			shellScript = "# Type a script or drag a script file from your workspace to insert its path.\n${PODS_ROOT}/SwiftLint/swiftlint\n";
		};
		FBBA8D838BB581E10EAFA7B2 /* [CP] Check Pods Manifest.lock */ = {
			isa = PBXShellScriptBuildPhase;
			buildActionMask = 2147483647;
			files = (
			);
			inputFileListPaths = (
			);
			inputPaths = (
				"${PODS_PODFILE_DIR_PATH}/Podfile.lock",
				"${PODS_ROOT}/Manifest.lock",
			);
			name = "[CP] Check Pods Manifest.lock";
			outputFileListPaths = (
			);
			outputPaths = (
				"$(DERIVED_FILE_DIR)/Pods-RealTime-RealTimeUITests-checkManifestLockResult.txt",
			);
			runOnlyForDeploymentPostprocessing = 0;
			shellPath = /bin/sh;
			shellScript = "diff \"${PODS_PODFILE_DIR_PATH}/Podfile.lock\" \"${PODS_ROOT}/Manifest.lock\" > /dev/null\nif [ $? != 0 ] ; then\n    # print error to STDERR\n    echo \"error: The sandbox is not in sync with the Podfile.lock. Run 'pod install' or update your CocoaPods installation.\" >&2\n    exit 1\nfi\n# This output is used by Xcode 'outputs' to avoid re-running this script phase.\necho \"SUCCESS\" > \"${SCRIPT_OUTPUT_FILE_0}\"\n";
			showEnvVarsInLog = 0;
		};
		FCEE8E5F80481887D6E13B30 /* [CP] Embed Pods Frameworks */ = {
			isa = PBXShellScriptBuildPhase;
			buildActionMask = 2147483647;
			files = (
			);
			inputFileListPaths = (
				"${PODS_ROOT}/Target Support Files/Pods-RealTime/Pods-RealTime-frameworks-${CONFIGURATION}-input-files.xcfilelist",
			);
			name = "[CP] Embed Pods Frameworks";
			outputFileListPaths = (
				"${PODS_ROOT}/Target Support Files/Pods-RealTime/Pods-RealTime-frameworks-${CONFIGURATION}-output-files.xcfilelist",
			);
			runOnlyForDeploymentPostprocessing = 0;
			shellPath = /bin/sh;
			shellScript = "\"${PODS_ROOT}/Target Support Files/Pods-RealTime/Pods-RealTime-frameworks.sh\"\n";
			showEnvVarsInLog = 0;
		};
/* End PBXShellScriptBuildPhase section */

/* Begin PBXSourcesBuildPhase section */
		F88C844823EEFF0000DE1882 /* Sources */ = {
			isa = PBXSourcesBuildPhase;
			buildActionMask = 2147483647;
			files = (
				F88C845423EEFF0000DE1882 /* ViewController.swift in Sources */,
				F88C845023EEFF0000DE1882 /* AppDelegate.swift in Sources */,
				F88C848B23EF103D00DE1882 /* ServiceResult.swift in Sources */,
				F88C845223EEFF0000DE1882 /* SceneDelegate.swift in Sources */,
				F88C848323EF003200DE1882 /* News.swift in Sources */,
				F88C848123EEFFAD00DE1882 /* Headline.swift in Sources */,
				F88C848923EF0B4000DE1882 /* Service.swift in Sources */,
			);
			runOnlyForDeploymentPostprocessing = 0;
		};
		F88C845E23EEFF0300DE1882 /* Sources */ = {
			isa = PBXSourcesBuildPhase;
			buildActionMask = 2147483647;
			files = (
				F88C846723EEFF0300DE1882 /* RealTimeTests.swift in Sources */,
			);
			runOnlyForDeploymentPostprocessing = 0;
		};
		F88C846923EEFF0300DE1882 /* Sources */ = {
			isa = PBXSourcesBuildPhase;
			buildActionMask = 2147483647;
			files = (
				F88C847223EEFF0300DE1882 /* RealTimeUITests.swift in Sources */,
			);
			runOnlyForDeploymentPostprocessing = 0;
		};
/* End PBXSourcesBuildPhase section */

/* Begin PBXTargetDependency section */
		F88C846423EEFF0300DE1882 /* PBXTargetDependency */ = {
			isa = PBXTargetDependency;
			target = F88C844B23EEFF0000DE1882 /* RealTime */;
			targetProxy = F88C846323EEFF0300DE1882 /* PBXContainerItemProxy */;
		};
		F88C846F23EEFF0300DE1882 /* PBXTargetDependency */ = {
			isa = PBXTargetDependency;
			target = F88C844B23EEFF0000DE1882 /* RealTime */;
			targetProxy = F88C846E23EEFF0300DE1882 /* PBXContainerItemProxy */;
		};
/* End PBXTargetDependency section */

/* Begin XCBuildConfiguration section */
		F88C847423EEFF0300DE1882 /* Debug */ = {
			isa = XCBuildConfiguration;
			buildSettings = {
				ALWAYS_SEARCH_USER_PATHS = NO;
				CLANG_ANALYZER_NONNULL = YES;
				CLANG_ANALYZER_NUMBER_OBJECT_CONVERSION = YES_AGGRESSIVE;
				CLANG_CXX_LANGUAGE_STANDARD = "gnu++14";
				CLANG_CXX_LIBRARY = "libc++";
				CLANG_ENABLE_MODULES = YES;
				CLANG_ENABLE_OBJC_ARC = YES;
				CLANG_ENABLE_OBJC_WEAK = YES;
				CLANG_WARN_BLOCK_CAPTURE_AUTORELEASING = YES;
				CLANG_WARN_BOOL_CONVERSION = YES;
				CLANG_WARN_COMMA = YES;
				CLANG_WARN_CONSTANT_CONVERSION = YES;
				CLANG_WARN_DEPRECATED_OBJC_IMPLEMENTATIONS = YES;
				CLANG_WARN_DIRECT_OBJC_ISA_USAGE = YES_ERROR;
				CLANG_WARN_DOCUMENTATION_COMMENTS = YES;
				CLANG_WARN_EMPTY_BODY = YES;
				CLANG_WARN_ENUM_CONVERSION = YES;
				CLANG_WARN_INFINITE_RECURSION = YES;
				CLANG_WARN_INT_CONVERSION = YES;
				CLANG_WARN_NON_LITERAL_NULL_CONVERSION = YES;
				CLANG_WARN_OBJC_IMPLICIT_RETAIN_SELF = YES;
				CLANG_WARN_OBJC_LITERAL_CONVERSION = YES;
				CLANG_WARN_OBJC_ROOT_CLASS = YES_ERROR;
				CLANG_WARN_RANGE_LOOP_ANALYSIS = YES;
				CLANG_WARN_STRICT_PROTOTYPES = YES;
				CLANG_WARN_SUSPICIOUS_MOVE = YES;
				CLANG_WARN_UNGUARDED_AVAILABILITY = YES_AGGRESSIVE;
				CLANG_WARN_UNREACHABLE_CODE = YES;
				CLANG_WARN__DUPLICATE_METHOD_MATCH = YES;
				COPY_PHASE_STRIP = NO;
				DEBUG_INFORMATION_FORMAT = dwarf;
				ENABLE_STRICT_OBJC_MSGSEND = YES;
				ENABLE_TESTABILITY = YES;
				GCC_C_LANGUAGE_STANDARD = gnu11;
				GCC_DYNAMIC_NO_PIC = NO;
				GCC_NO_COMMON_BLOCKS = YES;
				GCC_OPTIMIZATION_LEVEL = 0;
				GCC_PREPROCESSOR_DEFINITIONS = (
					"DEBUG=1",
					"$(inherited)",
				);
				GCC_WARN_64_TO_32_BIT_CONVERSION = YES;
				GCC_WARN_ABOUT_RETURN_TYPE = YES_ERROR;
				GCC_WARN_UNDECLARED_SELECTOR = YES;
				GCC_WARN_UNINITIALIZED_AUTOS = YES_AGGRESSIVE;
				GCC_WARN_UNUSED_FUNCTION = YES;
				GCC_WARN_UNUSED_VARIABLE = YES;
				IPHONEOS_DEPLOYMENT_TARGET = 13.2;
				MTL_ENABLE_DEBUG_INFO = INCLUDE_SOURCE;
				MTL_FAST_MATH = YES;
				ONLY_ACTIVE_ARCH = YES;
				SDKROOT = iphoneos;
				SWIFT_ACTIVE_COMPILATION_CONDITIONS = DEBUG;
				SWIFT_OPTIMIZATION_LEVEL = "-Onone";
			};
			name = Debug;
		};
		F88C847523EEFF0300DE1882 /* Release */ = {
			isa = XCBuildConfiguration;
			buildSettings = {
				ALWAYS_SEARCH_USER_PATHS = NO;
				CLANG_ANALYZER_NONNULL = YES;
				CLANG_ANALYZER_NUMBER_OBJECT_CONVERSION = YES_AGGRESSIVE;
				CLANG_CXX_LANGUAGE_STANDARD = "gnu++14";
				CLANG_CXX_LIBRARY = "libc++";
				CLANG_ENABLE_MODULES = YES;
				CLANG_ENABLE_OBJC_ARC = YES;
				CLANG_ENABLE_OBJC_WEAK = YES;
				CLANG_WARN_BLOCK_CAPTURE_AUTORELEASING = YES;
				CLANG_WARN_BOOL_CONVERSION = YES;
				CLANG_WARN_COMMA = YES;
				CLANG_WARN_CONSTANT_CONVERSION = YES;
				CLANG_WARN_DEPRECATED_OBJC_IMPLEMENTATIONS = YES;
				CLANG_WARN_DIRECT_OBJC_ISA_USAGE = YES_ERROR;
				CLANG_WARN_DOCUMENTATION_COMMENTS = YES;
				CLANG_WARN_EMPTY_BODY = YES;
				CLANG_WARN_ENUM_CONVERSION = YES;
				CLANG_WARN_INFINITE_RECURSION = YES;
				CLANG_WARN_INT_CONVERSION = YES;
				CLANG_WARN_NON_LITERAL_NULL_CONVERSION = YES;
				CLANG_WARN_OBJC_IMPLICIT_RETAIN_SELF = YES;
				CLANG_WARN_OBJC_LITERAL_CONVERSION = YES;
				CLANG_WARN_OBJC_ROOT_CLASS = YES_ERROR;
				CLANG_WARN_RANGE_LOOP_ANALYSIS = YES;
				CLANG_WARN_STRICT_PROTOTYPES = YES;
				CLANG_WARN_SUSPICIOUS_MOVE = YES;
				CLANG_WARN_UNGUARDED_AVAILABILITY = YES_AGGRESSIVE;
				CLANG_WARN_UNREACHABLE_CODE = YES;
				CLANG_WARN__DUPLICATE_METHOD_MATCH = YES;
				COPY_PHASE_STRIP = NO;
				DEBUG_INFORMATION_FORMAT = "dwarf-with-dsym";
				ENABLE_NS_ASSERTIONS = NO;
				ENABLE_STRICT_OBJC_MSGSEND = YES;
				GCC_C_LANGUAGE_STANDARD = gnu11;
				GCC_NO_COMMON_BLOCKS = YES;
				GCC_WARN_64_TO_32_BIT_CONVERSION = YES;
				GCC_WARN_ABOUT_RETURN_TYPE = YES_ERROR;
				GCC_WARN_UNDECLARED_SELECTOR = YES;
				GCC_WARN_UNINITIALIZED_AUTOS = YES_AGGRESSIVE;
				GCC_WARN_UNUSED_FUNCTION = YES;
				GCC_WARN_UNUSED_VARIABLE = YES;
				IPHONEOS_DEPLOYMENT_TARGET = 13.2;
				MTL_ENABLE_DEBUG_INFO = NO;
				MTL_FAST_MATH = YES;
				SDKROOT = iphoneos;
				SWIFT_COMPILATION_MODE = wholemodule;
				SWIFT_OPTIMIZATION_LEVEL = "-O";
				VALIDATE_PRODUCT = YES;
			};
			name = Release;
		};
		F88C847723EEFF0300DE1882 /* Debug */ = {
			isa = XCBuildConfiguration;
			baseConfigurationReference = 0B66FC6B0007207B1C4DB8C0 /* Pods-RealTime.debug.xcconfig */;
			buildSettings = {
				ASSETCATALOG_COMPILER_APPICON_NAME = AppIcon;
				CODE_SIGN_STYLE = Automatic;
				DEVELOPMENT_TEAM = AYSJQ5FJHQ;
				INFOPLIST_FILE = RealTime/Info.plist;
				LD_RUNPATH_SEARCH_PATHS = (
					"$(inherited)",
					"@executable_path/Frameworks",
				);
				PRODUCT_BUNDLE_IDENTIFIER = com.materialcause.RealTime;
				PRODUCT_NAME = "$(TARGET_NAME)";
				SWIFT_VERSION = 5.0;
				TARGETED_DEVICE_FAMILY = 1;
			};
			name = Debug;
		};
		F88C847823EEFF0300DE1882 /* Release */ = {
			isa = XCBuildConfiguration;
			baseConfigurationReference = 7D6ADA0DADAF2D309FE2AE23 /* Pods-RealTime.release.xcconfig */;
			buildSettings = {
				ASSETCATALOG_COMPILER_APPICON_NAME = AppIcon;
				CODE_SIGN_STYLE = Automatic;
				DEVELOPMENT_TEAM = AYSJQ5FJHQ;
				INFOPLIST_FILE = RealTime/Info.plist;
				LD_RUNPATH_SEARCH_PATHS = (
					"$(inherited)",
					"@executable_path/Frameworks",
				);
				PRODUCT_BUNDLE_IDENTIFIER = com.materialcause.RealTime;
				PRODUCT_NAME = "$(TARGET_NAME)";
				SWIFT_VERSION = 5.0;
				TARGETED_DEVICE_FAMILY = 1;
			};
			name = Release;
		};
		F88C847A23EEFF0300DE1882 /* Debug */ = {
			isa = XCBuildConfiguration;
			baseConfigurationReference = 816D3343BDE642007687C691 /* Pods-RealTimeTests.debug.xcconfig */;
			buildSettings = {
				ALWAYS_EMBED_SWIFT_STANDARD_LIBRARIES = YES;
				BUNDLE_LOADER = "$(TEST_HOST)";
				CODE_SIGN_STYLE = Automatic;
				DEVELOPMENT_TEAM = AYSJQ5FJHQ;
				INFOPLIST_FILE = RealTimeTests/Info.plist;
				IPHONEOS_DEPLOYMENT_TARGET = 13.2;
				LD_RUNPATH_SEARCH_PATHS = (
					"$(inherited)",
					"@executable_path/Frameworks",
					"@loader_path/Frameworks",
				);
				PRODUCT_BUNDLE_IDENTIFIER = com.materialcause.RealTimeTests;
				PRODUCT_NAME = "$(TARGET_NAME)";
				SWIFT_VERSION = 5.0;
				TARGETED_DEVICE_FAMILY = "1,2";
				TEST_HOST = "$(BUILT_PRODUCTS_DIR)/RealTime.app/RealTime";
			};
			name = Debug;
		};
		F88C847B23EEFF0300DE1882 /* Release */ = {
			isa = XCBuildConfiguration;
			baseConfigurationReference = ECCDEF9E1C3FB5C31908F787 /* Pods-RealTimeTests.release.xcconfig */;
			buildSettings = {
				ALWAYS_EMBED_SWIFT_STANDARD_LIBRARIES = YES;
				BUNDLE_LOADER = "$(TEST_HOST)";
				CODE_SIGN_STYLE = Automatic;
				DEVELOPMENT_TEAM = AYSJQ5FJHQ;
				INFOPLIST_FILE = RealTimeTests/Info.plist;
				IPHONEOS_DEPLOYMENT_TARGET = 13.2;
				LD_RUNPATH_SEARCH_PATHS = (
					"$(inherited)",
					"@executable_path/Frameworks",
					"@loader_path/Frameworks",
				);
				PRODUCT_BUNDLE_IDENTIFIER = com.materialcause.RealTimeTests;
				PRODUCT_NAME = "$(TARGET_NAME)";
				SWIFT_VERSION = 5.0;
				TARGETED_DEVICE_FAMILY = "1,2";
				TEST_HOST = "$(BUILT_PRODUCTS_DIR)/RealTime.app/RealTime";
			};
			name = Release;
		};
		F88C847D23EEFF0300DE1882 /* Debug */ = {
			isa = XCBuildConfiguration;
			baseConfigurationReference = 63C735C9A2378B56395C1C9C /* Pods-RealTime-RealTimeUITests.debug.xcconfig */;
			buildSettings = {
				ALWAYS_EMBED_SWIFT_STANDARD_LIBRARIES = YES;
				CODE_SIGN_STYLE = Automatic;
				DEVELOPMENT_TEAM = AYSJQ5FJHQ;
				INFOPLIST_FILE = RealTimeUITests/Info.plist;
				LD_RUNPATH_SEARCH_PATHS = (
					"$(inherited)",
					"@executable_path/Frameworks",
					"@loader_path/Frameworks",
				);
				PRODUCT_BUNDLE_IDENTIFIER = com.materialcause.RealTimeUITests;
				PRODUCT_NAME = "$(TARGET_NAME)";
				SWIFT_VERSION = 5.0;
				TARGETED_DEVICE_FAMILY = "1,2";
				TEST_TARGET_NAME = RealTime;
			};
			name = Debug;
		};
		F88C847E23EEFF0300DE1882 /* Release */ = {
			isa = XCBuildConfiguration;
			baseConfigurationReference = 45F74C9011DEE09811E3005F /* Pods-RealTime-RealTimeUITests.release.xcconfig */;
			buildSettings = {
				ALWAYS_EMBED_SWIFT_STANDARD_LIBRARIES = YES;
				CODE_SIGN_STYLE = Automatic;
				DEVELOPMENT_TEAM = AYSJQ5FJHQ;
				INFOPLIST_FILE = RealTimeUITests/Info.plist;
				LD_RUNPATH_SEARCH_PATHS = (
					"$(inherited)",
					"@executable_path/Frameworks",
					"@loader_path/Frameworks",
				);
				PRODUCT_BUNDLE_IDENTIFIER = com.materialcause.RealTimeUITests;
				PRODUCT_NAME = "$(TARGET_NAME)";
				SWIFT_VERSION = 5.0;
				TARGETED_DEVICE_FAMILY = "1,2";
				TEST_TARGET_NAME = RealTime;
			};
			name = Release;
		};
/* End XCBuildConfiguration section */

/* Begin XCConfigurationList section */
		F88C844723EEFF0000DE1882 /* Build configuration list for PBXProject "RealTime" */ = {
			isa = XCConfigurationList;
			buildConfigurations = (
				F88C847423EEFF0300DE1882 /* Debug */,
				F88C847523EEFF0300DE1882 /* Release */,
			);
			defaultConfigurationIsVisible = 0;
			defaultConfigurationName = Release;
		};
		F88C847623EEFF0300DE1882 /* Build configuration list for PBXNativeTarget "RealTime" */ = {
			isa = XCConfigurationList;
			buildConfigurations = (
				F88C847723EEFF0300DE1882 /* Debug */,
				F88C847823EEFF0300DE1882 /* Release */,
			);
			defaultConfigurationIsVisible = 0;
			defaultConfigurationName = Release;
		};
		F88C847923EEFF0300DE1882 /* Build configuration list for PBXNativeTarget "RealTimeTests" */ = {
			isa = XCConfigurationList;
			buildConfigurations = (
				F88C847A23EEFF0300DE1882 /* Debug */,
				F88C847B23EEFF0300DE1882 /* Release */,
			);
			defaultConfigurationIsVisible = 0;
			defaultConfigurationName = Release;
		};
		F88C847C23EEFF0300DE1882 /* Build configuration list for PBXNativeTarget "RealTimeUITests" */ = {
			isa = XCConfigurationList;
			buildConfigurations = (
				F88C847D23EEFF0300DE1882 /* Debug */,
				F88C847E23EEFF0300DE1882 /* Release */,
			);
			defaultConfigurationIsVisible = 0;
			defaultConfigurationName = Release;
		};
/* End XCConfigurationList section */
	};
	rootObject = F88C844423EEFF0000DE1882 /* Project object */;
}
